{
  "name": "store-resource-bootstrap-node",
  "version": "0.2.0",
  "lockfileVersion": 3,
  "requires": true,
  "packages": {
    "": {
      "name": "store-resource-bootstrap-node",
      "version": "0.2.0",
      "license": "MIT",
      "engines": {
        "node": ">=18"
      },
      "peerDependencies": {
        "nodejs-store": ">=3.0.0"
      },
      "peerDependenciesMeta": {
        "nodejs-store": {
          "optional": true
        }
      }
    }
  }
}
